
Microsoft Visual Studio Solution File, Format Version 12.00
# Visual Studio 15
VisualStudioVersion = 15.0.26124.0
MinimumVisualStudioVersion = 15.0.26124.0
Project("{2150E333-8FDC-42A3-9474-1A3956D46DE8}") = "src", "src", "{99C502CE-DC8D-4D4E-A420-B7951750D50B}"
EndProject
Project("{FAE04EC0-301F-11D3-BF4B-00C04F79EFBC}") = "GradeBook", "src\GradeBook\GradeBook.csproj", "{86D86A62-A99E-40F4-B639-C7FB77966FF9}"
EndProject
Project("{2150E333-8FDC-42A3-9474-1A3956D46DE8}") = "test", "test", "{E36C3CAC-F974-4623-8FAA-ACFA8FB02323}"
EndProject
Project("{FAE04EC0-301F-11D3-BF4B-00C04F79EFBC}") = "GradeBook.Tests", "test\Gradebook.Tests\GradeBook.Tests.csproj", "{1A785D83-BC62-41DE-A195-E7C068815ACB}"
EndProject
Global
	GlobalSection(SolutionConfigurationPlatforms) = preSolution
		Debug|Any CPU = Debug|Any CPU
		Debug|x64 = Debug|x64
		Debug|x86 = Debug|x86
		Release|Any CPU = Release|Any CPU
		Release|x64 = Release|x64
		Release|x86 = Release|x86
	EndGlobalSection
	GlobalSection(SolutionProperties) = preSolution
		HideSolutionNode = FALSE
	EndGlobalSection
	GlobalSection(ProjectConfigurationPlatforms) = postSolution
		{86D86A62-A99E-40F4-B639-C7FB77966FF9}.Debug|Any CPU.ActiveCfg = Debug|Any CPU
		{86D86A62-A99E-40F4-B639-C7FB77966FF9}.Debug|Any CPU.Build.0 = Debug|Any CPU
		{86D86A62-A99E-40F4-B639-C7FB77966FF9}.Debug|x64.ActiveCfg = Debug|Any CPU
		{86D86A62-A99E-40F4-B639-C7FB77966FF9}.Debug|x64.Build.0 = Debug|Any CPU
		{86D86A62-A99E-40F4-B639-C7FB77966FF9}.Debug|x86.ActiveCfg = Debug|Any CPU
		{86D86A62-A99E-40F4-B639-C7FB77966FF9}.Debug|x86.Build.0 = Debug|Any CPU
		{86D86A62-A99E-40F4-B639-C7FB77966FF9}.Release|Any CPU.ActiveCfg = Release|Any CPU
		{86D86A62-A99E-40F4-B639-C7FB77966FF9}.Release|Any CPU.Build.0 = Release|Any CPU
		{86D86A62-A99E-40F4-B639-C7FB77966FF9}.Release|x64.ActiveCfg = Release|Any CPU
		{86D86A62-A99E-40F4-B639-C7FB77966FF9}.Release|x64.Build.0 = Release|Any CPU
		{86D86A62-A99E-40F4-B639-C7FB77966FF9}.Release|x86.ActiveCfg = Release|Any CPU
		{86D86A62-A99E-40F4-B639-C7FB77966FF9}.Release|x86.Build.0 = Release|Any CPU
		{1A785D83-BC62-41DE-A195-E7C068815ACB}.Debug|Any CPU.ActiveCfg = Debug|Any CPU
		{1A785D83-BC62-41DE-A195-E7C068815ACB}.Debug|Any CPU.Build.0 = Debug|Any CPU
		{1A785D83-BC62-41DE-A195-E7C068815ACB}.Debug|x64.ActiveCfg = Debug|Any CPU
		{1A785D83-BC62-41DE-A195-E7C068815ACB}.Debug|x64.Build.0 = Debug|Any CPU
		{1A785D83-BC62-41DE-A195-E7C068815ACB}.Debug|x86.ActiveCfg = Debug|Any CPU
		{1A785D83-BC62-41DE-A195-E7C068815ACB}.Debug|x86.Build.0 = Debug|Any CPU
		{1A785D83-BC62-41DE-A195-E7C068815ACB}.Release|Any CPU.ActiveCfg = Release|Any CPU
		{1A785D83-BC62-41DE-A195-E7C068815ACB}.Release|Any CPU.Build.0 = Release|Any CPU
		{1A785D83-BC62-41DE-A195-E7C068815ACB}.Release|x64.ActiveCfg = Release|Any CPU
		{1A785D83-BC62-41DE-A195-E7C068815ACB}.Release|x64.Build.0 = Release|Any CPU
		{1A785D83-BC62-41DE-A195-E7C068815ACB}.Release|x86.ActiveCfg = Release|Any CPU
		{1A785D83-BC62-41DE-A195-E7C068815ACB}.Release|x86.Build.0 = Release|Any CPU
	EndGlobalSection
	GlobalSection(NestedProjects) = preSolution
		{86D86A62-A99E-40F4-B639-C7FB77966FF9} = {99C502CE-DC8D-4D4E-A420-B7951750D50B}
		{1A785D83-BC62-41DE-A195-E7C068815ACB} = {E36C3CAC-F974-4623-8FAA-ACFA8FB02323}
	EndGlobalSection
EndGlobal
